
Microsoft Visual Studio Solution File, Format Version 12.00
# Visual Studio Version 16
VisualStudioVersion = 16.0.31624.102
MinimumVisualStudioVersion = 10.0.40219.1
Project("{FAE04EC0-301F-11D3-BF4B-00C04F79EFBC}") = "BazaZaVaje", "BazaZaVaje.csproj", "{7A1558DB-27E4-4C36-BAC4-D9F9A2794681}"
EndProject
Global
	GlobalSection(SolutionConfigurationPlatforms) = preSolution
		Debug|Any CPU = Debug|Any CPU
		Release|Any CPU = Release|Any CPU
	EndGlobalSection
	GlobalSection(ProjectConfigurationPlatforms) = postSolution
		{7A1558DB-27E4-4C36-BAC4-D9F9A2794681}.Debug|Any CPU.ActiveCfg = Debug|Any CPU
		{7A1558DB-27E4-4C36-BAC4-D9F9A2794681}.Debug|Any CPU.Build.0 = Debug|Any CPU
		{7A1558DB-27E4-4C36-BAC4-D9F9A2794681}.Release|Any CPU.ActiveCfg = Release|Any CPU
		{7A1558DB-27E4-4C36-BAC4-D9F9A2794681}.Release|Any CPU.Build.0 = Release|Any CPU
	EndGlobalSection
	GlobalSection(SolutionProperties) = preSolution
		HideSolutionNode = FALSE
	EndGlobalSection
	GlobalSection(ExtensibilityGlobals) = postSolution
		SolutionGuid = {ACCBE16F-6418-4477-8EB2-2405E08B06D2}
	EndGlobalSection
EndGlobal
