
Microsoft Visual Studio Solution File, Format Version 12.00
# Visual Studio Version 16
VisualStudioVersion = 16.0.31624.102
MinimumVisualStudioVersion = 10.0.40219.1
Project("{FAE04EC0-301F-11D3-BF4B-00C04F79EFBC}") = "Povezovanje", "Povezovanje.csproj", "{92AE52C2-871E-4898-9320-B02A44F2461D}"
EndProject
Global
	GlobalSection(SolutionConfigurationPlatforms) = preSolution
		Debug|Any CPU = Debug|Any CPU
		Release|Any CPU = Release|Any CPU
	EndGlobalSection
	GlobalSection(ProjectConfigurationPlatforms) = postSolution
		{92AE52C2-871E-4898-9320-B02A44F2461D}.Debug|Any CPU.ActiveCfg = Debug|Any CPU
		{92AE52C2-871E-4898-9320-B02A44F2461D}.Debug|Any CPU.Build.0 = Debug|Any CPU
		{92AE52C2-871E-4898-9320-B02A44F2461D}.Release|Any CPU.ActiveCfg = Release|Any CPU
		{92AE52C2-871E-4898-9320-B02A44F2461D}.Release|Any CPU.Build.0 = Release|Any CPU
	EndGlobalSection
	GlobalSection(SolutionProperties) = preSolution
		HideSolutionNode = FALSE
	EndGlobalSection
	GlobalSection(ExtensibilityGlobals) = postSolution
		SolutionGuid = {9F5ED916-9BB6-4DC3-9597-3AA4B799480E}
	EndGlobalSection
EndGlobal
