
Microsoft Visual Studio Solution File, Format Version 12.00
# Visual Studio Version 16
VisualStudioVersion = 16.0.31624.102
MinimumVisualStudioVersion = 10.0.40219.1
Project("{FAE04EC0-301F-11D3-BF4B-00C04F79EFBC}") = "PrvaMVC", "PrvaMVC.csproj", "{9E57A3CA-A8CA-435F-A1D7-E37462C580B8}"
EndProject
Global
	GlobalSection(SolutionConfigurationPlatforms) = preSolution
		Debug|Any CPU = Debug|Any CPU
		Release|Any CPU = Release|Any CPU
	EndGlobalSection
	GlobalSection(ProjectConfigurationPlatforms) = postSolution
		{9E57A3CA-A8CA-435F-A1D7-E37462C580B8}.Debug|Any CPU.ActiveCfg = Debug|Any CPU
		{9E57A3CA-A8CA-435F-A1D7-E37462C580B8}.Debug|Any CPU.Build.0 = Debug|Any CPU
		{9E57A3CA-A8CA-435F-A1D7-E37462C580B8}.Release|Any CPU.ActiveCfg = Release|Any CPU
		{9E57A3CA-A8CA-435F-A1D7-E37462C580B8}.Release|Any CPU.Build.0 = Release|Any CPU
	EndGlobalSection
	GlobalSection(SolutionProperties) = preSolution
		HideSolutionNode = FALSE
	EndGlobalSection
	GlobalSection(ExtensibilityGlobals) = postSolution
		SolutionGuid = {3910913B-FE53-4391-8FAF-8EDBC11C1ECC}
	EndGlobalSection
EndGlobal
